{
  "name": "threads",
  "lockfileVersion": 3,
  "requires": true,
  "packages": {
    "": {
      "dependencies": {
        "get-bin-path": "^11.0.0"
      }
    },
    "node_modules/escalade": {
      "version": "3.1.2",
      "resolved": "https://registry.npmjs.org/escalade/-/escalade-3.1.2.tgz",
      "integrity": "sha512-ErCHMCae19vR8vQGe50xIsVomy19rg6gFu3+r3jkEO46suLMWBksvVyoGgQV+jOfl84ZSOSlmv6Gxa89PmTGmA==",
      "engines": {
        "node": ">=6"
      }
    },
    "node_modules/get-bin-path": {
      "version": "11.0.0",
      "resolved": "https://registry.npmjs.org/get-bin-path/-/get-bin-path-11.0.0.tgz",
      "integrity": "sha512-hvX/hynZJ6sxeItamADFBZo0WmLoG/qZBlRCLRv+J+oN8USw1ZxefIGJSFPu1GGd3OHWVFJKvCCN970wmpiHzg==",
      "dependencies": {
        "escalade": "^3.1.1"
      },
      "engines": {
        "node": ">=18.18.0"
      }
    }
  }
}
